
Microsoft Visual Studio Solution File, Format Version 12.00
# Visual Studio Version 17
VisualStudioVersion = 17.3.32825.248
MinimumVisualStudioVersion = 10.0.40219.1
Project("{FAE04EC0-301F-11D3-BF4B-00C04F79EFBC}") = "bARTSolutionsTest", "bARTSolutionsTest\bARTSolutionsTest.csproj", "{28F5D88E-F7C3-4A99-88A8-E008CA49AF65}"
EndProject
Global
	GlobalSection(SolutionConfigurationPlatforms) = preSolution
		Debug|Any CPU = Debug|Any CPU
		Release|Any CPU = Release|Any CPU
	EndGlobalSection
	GlobalSection(ProjectConfigurationPlatforms) = postSolution
		{28F5D88E-F7C3-4A99-88A8-E008CA49AF65}.Debug|Any CPU.ActiveCfg = Debug|Any CPU
		{28F5D88E-F7C3-4A99-88A8-E008CA49AF65}.Debug|Any CPU.Build.0 = Debug|Any CPU
		{28F5D88E-F7C3-4A99-88A8-E008CA49AF65}.Release|Any CPU.ActiveCfg = Release|Any CPU
		{28F5D88E-F7C3-4A99-88A8-E008CA49AF65}.Release|Any CPU.Build.0 = Release|Any CPU
	EndGlobalSection
	GlobalSection(SolutionProperties) = preSolution
		HideSolutionNode = FALSE
	EndGlobalSection
	GlobalSection(ExtensibilityGlobals) = postSolution
		SolutionGuid = {3CFF485B-F231-4BFC-B0BB-021FEA5CF5E1}
	EndGlobalSection
EndGlobal
